
Microsoft Visual Studio Solution File, Format Version 12.00
# Visual Studio Version 17
VisualStudioVersion = 17.7.34024.191
MinimumVisualStudioVersion = 10.0.40219.1
Project("{FAE04EC0-301F-11D3-BF4B-00C04F79EFBC}") = "prac1", "prac1\prac1.csproj", "{4304A0CC-27E7-4C26-B47C-D31317B955F7}"
EndProject
Global
	GlobalSection(SolutionConfigurationPlatforms) = preSolution
		Debug|Any CPU = Debug|Any CPU
		Release|Any CPU = Release|Any CPU
	EndGlobalSection
	GlobalSection(ProjectConfigurationPlatforms) = postSolution
		{4304A0CC-27E7-4C26-B47C-D31317B955F7}.Debug|Any CPU.ActiveCfg = Debug|Any CPU
		{4304A0CC-27E7-4C26-B47C-D31317B955F7}.Debug|Any CPU.Build.0 = Debug|Any CPU
		{4304A0CC-27E7-4C26-B47C-D31317B955F7}.Release|Any CPU.ActiveCfg = Release|Any CPU
		{4304A0CC-27E7-4C26-B47C-D31317B955F7}.Release|Any CPU.Build.0 = Release|Any CPU
	EndGlobalSection
	GlobalSection(SolutionProperties) = preSolution
		HideSolutionNode = FALSE
	EndGlobalSection
	GlobalSection(ExtensibilityGlobals) = postSolution
		SolutionGuid = {C782AF5B-0408-460F-8F0D-76E21D01CEE5}
	EndGlobalSection
EndGlobal
